
Microsoft Visual Studio Solution File, Format Version 12.00
# Visual Studio Version 16
VisualStudioVersion = 16.0.30225.117
MinimumVisualStudioVersion = 10.0.40219.1
Project("{FAE04EC0-301F-11D3-BF4B-00C04F79EFBC}") = "Lab1_Basiсs_CSharp", "Lab1_Basiсs_CSharp\Lab1_Basiсs_CSharp.csproj", "{34E5A2BC-46F7-41A4-A365-BF84078B82B8}"
EndProject
Project("{FAE04EC0-301F-11D3-BF4B-00C04F79EFBC}") = "Lab2_Basics_OOP", "Lab2_Basics_OOP\Lab2_Basics_OOP.csproj", "{7BB29419-11B5-4EF7-A3C5-F8BAEFD828E7}"
EndProject
Project("{FAE04EC0-301F-11D3-BF4B-00C04F79EFBC}") = "Lab3_Reusing_classes", "Lab3_Reusing_classes\Lab3_Reusing_classes.csproj", "{9D9BAE20-34A7-41AD-9D64-DFE1FA774E1B}"
EndProject
Global
	GlobalSection(SolutionConfigurationPlatforms) = preSolution
		Debug|Any CPU = Debug|Any CPU
		Release|Any CPU = Release|Any CPU
	EndGlobalSection
	GlobalSection(ProjectConfigurationPlatforms) = postSolution
		{34E5A2BC-46F7-41A4-A365-BF84078B82B8}.Debug|Any CPU.ActiveCfg = Debug|Any CPU
		{34E5A2BC-46F7-41A4-A365-BF84078B82B8}.Debug|Any CPU.Build.0 = Debug|Any CPU
		{34E5A2BC-46F7-41A4-A365-BF84078B82B8}.Release|Any CPU.ActiveCfg = Release|Any CPU
		{34E5A2BC-46F7-41A4-A365-BF84078B82B8}.Release|Any CPU.Build.0 = Release|Any CPU
		{7BB29419-11B5-4EF7-A3C5-F8BAEFD828E7}.Debug|Any CPU.ActiveCfg = Debug|Any CPU
		{7BB29419-11B5-4EF7-A3C5-F8BAEFD828E7}.Debug|Any CPU.Build.0 = Debug|Any CPU
		{7BB29419-11B5-4EF7-A3C5-F8BAEFD828E7}.Release|Any CPU.ActiveCfg = Release|Any CPU
		{7BB29419-11B5-4EF7-A3C5-F8BAEFD828E7}.Release|Any CPU.Build.0 = Release|Any CPU
		{9D9BAE20-34A7-41AD-9D64-DFE1FA774E1B}.Debug|Any CPU.ActiveCfg = Debug|Any CPU
		{9D9BAE20-34A7-41AD-9D64-DFE1FA774E1B}.Debug|Any CPU.Build.0 = Debug|Any CPU
		{9D9BAE20-34A7-41AD-9D64-DFE1FA774E1B}.Release|Any CPU.ActiveCfg = Release|Any CPU
		{9D9BAE20-34A7-41AD-9D64-DFE1FA774E1B}.Release|Any CPU.Build.0 = Release|Any CPU
	EndGlobalSection
	GlobalSection(SolutionProperties) = preSolution
		HideSolutionNode = FALSE
	EndGlobalSection
	GlobalSection(ExtensibilityGlobals) = postSolution
		SolutionGuid = {F9C4E80E-AD93-44D1-9576-22AB25852599}
	EndGlobalSection
EndGlobal
